// !$*UTF8*$!
{
	archiveVersion = 1;
	classes = {
	};
	objectVersion = 46;
	objects = {

/* Begin PBXBuildFile section */
		63A94F1B1ADF11CE001BF33A /* AppDelegate.swift in Sources */ = {isa = PBXBuildFile; fileRef = 63A94F1A1ADF11CE001BF33A /* AppDelegate.swift */; };
		63A94F1E1ADF11CE001BF33A /* TaskItWatch.xcdatamodeld in Sources */ = {isa = PBXBuildFile; fileRef = 63A94F1C1ADF11CE001BF33A /* TaskItWatch.xcdatamodeld */; };
		63A94F201ADF11CE001BF33A /* ViewController.swift in Sources */ = {isa = PBXBuildFile; fileRef = 63A94F1F1ADF11CE001BF33A /* ViewController.swift */; };
		63A94F231ADF11CE001BF33A /* Main.storyboard in Resources */ = {isa = PBXBuildFile; fileRef = 63A94F211ADF11CE001BF33A /* Main.storyboard */; };
		63A94F251ADF11CE001BF33A /* Images.xcassets in Resources */ = {isa = PBXBuildFile; fileRef = 63A94F241ADF11CE001BF33A /* Images.xcassets */; };
		63A94F281ADF11CE001BF33A /* LaunchScreen.xib in Resources */ = {isa = PBXBuildFile; fileRef = 63A94F261ADF11CE001BF33A /* LaunchScreen.xib */; };
		63A94F341ADF11CE001BF33A /* TaskItWatchTests.swift in Sources */ = {isa = PBXBuildFile; fileRef = 63A94F331ADF11CE001BF33A /* TaskItWatchTests.swift */; };
/* End PBXBuildFile section */

/* Begin PBXContainerItemProxy section */
		63A94F2E1ADF11CE001BF33A /* PBXContainerItemProxy */ = {
			isa = PBXContainerItemProxy;
			containerPortal = 63A94F0D1ADF11CE001BF33A /* Project object */;
			proxyType = 1;
			remoteGlobalIDString = 63A94F141ADF11CE001BF33A;
			remoteInfo = TaskItWatch;
		};
/* End PBXContainerItemProxy section */

/* Begin PBXFileReference section */
		63A94F151ADF11CE001BF33A /* TaskItWatch.app */ = {isa = PBXFileReference; explicitFileType = wrapper.application; includeInIndex = 0; path = TaskItWatch.app; sourceTree = BUILT_PRODUCTS_DIR; };
		63A94F191ADF11CE001BF33A /* Info.plist */ = {isa = PBXFileReference; lastKnownFileType = text.plist.xml; path = Info.plist; sourceTree = "<group>"; };
		63A94F1A1ADF11CE001BF33A /* AppDelegate.swift */ = {isa = PBXFileReference; lastKnownFileType = sourcecode.swift; path = AppDelegate.swift; sourceTree = "<group>"; };
		63A94F1D1ADF11CE001BF33A /* TaskItWatch.xcdatamodel */ = {isa = PBXFileReference; lastKnownFileType = wrapper.xcdatamodel; path = TaskItWatch.xcdatamodel; sourceTree = "<group>"; };
		63A94F1F1ADF11CE001BF33A /* ViewController.swift */ = {isa = PBXFileReference; lastKnownFileType = sourcecode.swift; path = ViewController.swift; sourceTree = "<group>"; };
		63A94F221ADF11CE001BF33A /* Base */ = {isa = PBXFileReference; lastKnownFileType = file.storyboard; name = Base; path = Base.lproj/Main.storyboard; sourceTree = "<group>"; };
		63A94F241ADF11CE001BF33A /* Images.xcassets */ = {isa = PBXFileReference; lastKnownFileType = folder.assetcatalog; path = Images.xcassets; sourceTree = "<group>"; };
		63A94F271ADF11CE001BF33A /* Base */ = {isa = PBXFileReference; lastKnownFileType = file.xib; name = Base; path = Base.lproj/LaunchScreen.xib; sourceTree = "<group>"; };
		63A94F2D1ADF11CE001BF33A /* TaskItWatchTests.xctest */ = {isa = PBXFileReference; explicitFileType = wrapper.cfbundle; includeInIndex = 0; path = TaskItWatchTests.xctest; sourceTree = BUILT_PRODUCTS_DIR; };
		63A94F321ADF11CE001BF33A /* Info.plist */ = {isa = PBXFileReference; lastKnownFileType = text.plist.xml; path = Info.plist; sourceTree = "<group>"; };
		63A94F331ADF11CE001BF33A /* TaskItWatchTests.swift */ = {isa = PBXFileReference; lastKnownFileType = sourcecode.swift; path = TaskItWatchTests.swift; sourceTree = "<group>"; };
/* End PBXFileReference section */

/* Begin PBXFrameworksBuildPhase section */
		63A94F121ADF11CE001BF33A /* Frameworks */ = {
			isa = PBXFrameworksBuildPhase;
			buildActionMask = 2147483647;
			files = (
			);
			runOnlyForDeploymentPostprocessing = 0;
		};
		63A94F2A1ADF11CE001BF33A /* Frameworks */ = {
			isa = PBXFrameworksBuildPhase;
			buildActionMask = 2147483647;
			files = (
			);
			runOnlyForDeploymentPostprocessing = 0;
		};
/* End PBXFrameworksBuildPhase section */

/* Begin PBXGroup section */
		63A94F0C1ADF11CE001BF33A = {
			isa = PBXGroup;
			children = (
				63A94F171ADF11CE001BF33A /* TaskItWatch */,
				63A94F301ADF11CE001BF33A /* TaskItWatchTests */,
				63A94F161ADF11CE001BF33A /* Products */,
			);
			sourceTree = "<group>";
		};
		63A94F161ADF11CE001BF33A /* Products */ = {
			isa = PBXGroup;
			children = (
				63A94F151ADF11CE001BF33A /* TaskItWatch.app */,
				63A94F2D1ADF11CE001BF33A /* TaskItWatchTests.xctest */,
			);
			name = Products;
			sourceTree = "<group>";
		};
		63A94F171ADF11CE001BF33A /* TaskItWatch */ = {
			isa = PBXGroup;
			children = (
				63A94F1A1ADF11CE001BF33A /* AppDelegate.swift */,
				63A94F1F1ADF11CE001BF33A /* ViewController.swift */,
				63A94F211ADF11CE001BF33A /* Main.storyboard */,
				63A94F241ADF11CE001BF33A /* Images.xcassets */,
				63A94F261ADF11CE001BF33A /* LaunchScreen.xib */,
				63A94F1C1ADF11CE001BF33A /* TaskItWatch.xcdatamodeld */,
				63A94F181ADF11CE001BF33A /* Supporting Files */,
			);
			path = TaskItWatch;
			sourceTree = "<group>";
		};
		63A94F181ADF11CE001BF33A /* Supporting Files */ = {
			isa = PBXGroup;
			children = (
				63A94F191ADF11CE001BF33A /* Info.plist */,
			);
			name = "Supporting Files";
			sourceTree = "<group>";
		};
		63A94F301ADF11CE001BF33A /* TaskItWatchTests */ = {
			isa = PBXGroup;
			children = (
				63A94F331ADF11CE001BF33A /* TaskItWatchTests.swift */,
				63A94F311ADF11CE001BF33A /* Supporting Files */,
			);
			path = TaskItWatchTests;
			sourceTree = "<group>";
		};
		63A94F311ADF11CE001BF33A /* Supporting Files */ = {
			isa = PBXGroup;
			children = (
				63A94F321ADF11CE001BF33A /* Info.plist */,
			);
			name = "Supporting Files";
			sourceTree = "<group>";
		};
/* End PBXGroup section */

/* Begin PBXNativeTarget section */
		63A94F141ADF11CE001BF33A /* TaskItWatch */ = {
			isa = PBXNativeTarget;
			buildConfigurationList = 63A94F371ADF11CE001BF33A /* Build configuration list for PBXNativeTarget "TaskItWatch" */;
			buildPhases = (
				63A94F111ADF11CE001BF33A /* Sources */,
				63A94F121ADF11CE001BF33A /* Frameworks */,
				63A94F131ADF11CE001BF33A /* Resources */,
			);
			buildRules = (
			);
			dependencies = (
			);
			name = TaskItWatch;
			productName = TaskItWatch;
			productReference = 63A94F151ADF11CE001BF33A /* TaskItWatch.app */;
			productType = "com.apple.product-type.application";
		};
		63A94F2C1ADF11CE001BF33A /* TaskItWatchTests */ = {
			isa = PBXNativeTarget;
			buildConfigurationList = 63A94F3A1ADF11CE001BF33A /* Build configuration list for PBXNativeTarget "TaskItWatchTests" */;
			buildPhases = (
				63A94F291ADF11CE001BF33A /* Sources */,
				63A94F2A1ADF11CE001BF33A /* Frameworks */,
				63A94F2B1ADF11CE001BF33A /* Resources */,
			);
			buildRules = (
			);
			dependencies = (
				63A94F2F1ADF11CE001BF33A /* PBXTargetDependency */,
			);
			name = TaskItWatchTests;
			productName = TaskItWatchTests;
			productReference = 63A94F2D1ADF11CE001BF33A /* TaskItWatchTests.xctest */;
			productType = "com.apple.product-type.bundle.unit-test";
		};
/* End PBXNativeTarget section */

/* Begin PBXProject section */
		63A94F0D1ADF11CE001BF33A /* Project object */ = {
			isa = PBXProject;
			attributes = {
				LastUpgradeCheck = 0630;
				ORGANIZATIONNAME = "Piri-Piri";
				TargetAttributes = {
					63A94F141ADF11CE001BF33A = {
						CreatedOnToolsVersion = 6.3;
					};
					63A94F2C1ADF11CE001BF33A = {
						CreatedOnToolsVersion = 6.3;
						TestTargetID = 63A94F141ADF11CE001BF33A;
					};
				};
			};
			buildConfigurationList = 63A94F101ADF11CE001BF33A /* Build configuration list for PBXProject "TaskItWatch" */;
			compatibilityVersion = "Xcode 3.2";
			developmentRegion = English;
			hasScannedForEncodings = 0;
			knownRegions = (
				en,
				Base,
			);
			mainGroup = 63A94F0C1ADF11CE001BF33A;
			productRefGroup = 63A94F161ADF11CE001BF33A /* Products */;
			projectDirPath = "";
			projectRoot = "";
			targets = (
				63A94F141ADF11CE001BF33A /* TaskItWatch */,
				63A94F2C1ADF11CE001BF33A /* TaskItWatchTests */,
			);
		};
/* End PBXProject section */

/* Begin PBXResourcesBuildPhase section */
		63A94F131ADF11CE001BF33A /* Resources */ = {
			isa = PBXResourcesBuildPhase;
			buildActionMask = 2147483647;
			files = (
				63A94F231ADF11CE001BF33A /* Main.storyboard in Resources */,
				63A94F281ADF11CE001BF33A /* LaunchScreen.xib in Resources */,
				63A94F251ADF11CE001BF33A /* Images.xcassets in Resources */,
			);
			runOnlyForDeploymentPostprocessing = 0;
		};
		63A94F2B1ADF11CE001BF33A /* Resources */ = {
			isa = PBXResourcesBuildPhase;
			buildActionMask = 2147483647;
			files = (
			);
			runOnlyForDeploymentPostprocessing = 0;
		};
/* End PBXResourcesBuildPhase section */

/* Begin PBXSourcesBuildPhase section */
		63A94F111ADF11CE001BF33A /* Sources */ = {
			isa = PBXSourcesBuildPhase;
			buildActionMask = 2147483647;
			files = (
				63A94F201ADF11CE001BF33A /* ViewController.swift in Sources */,
				63A94F1B1ADF11CE001BF33A /* AppDelegate.swift in Sources */,
				63A94F1E1ADF11CE001BF33A /* TaskItWatch.xcdatamodeld in Sources */,
			);
			runOnlyForDeploymentPostprocessing = 0;
		};
		63A94F291ADF11CE001BF33A /* Sources */ = {
			isa = PBXSourcesBuildPhase;
			buildActionMask = 2147483647;
			files = (
				63A94F341ADF11CE001BF33A /* TaskItWatchTests.swift in Sources */,
			);
			runOnlyForDeploymentPostprocessing = 0;
		};
/* End PBXSourcesBuildPhase section */

/* Begin PBXTargetDependency section */
		63A94F2F1ADF11CE001BF33A /* PBXTargetDependency */ = {
			isa = PBXTargetDependency;
			target = 63A94F141ADF11CE001BF33A /* TaskItWatch */;
			targetProxy = 63A94F2E1ADF11CE001BF33A /* PBXContainerItemProxy */;
		};
/* End PBXTargetDependency section */

/* Begin PBXVariantGroup section */
		63A94F211ADF11CE001BF33A /* Main.storyboard */ = {
			isa = PBXVariantGroup;
			children = (
				63A94F221ADF11CE001BF33A /* Base */,
			);
			name = Main.storyboard;
			sourceTree = "<group>";
		};
		63A94F261ADF11CE001BF33A /* LaunchScreen.xib */ = {
			isa = PBXVariantGroup;
			children = (
				63A94F271ADF11CE001BF33A /* Base */,
			);
			name = LaunchScreen.xib;
			sourceTree = "<group>";
		};
/* End PBXVariantGroup section */

/* Begin XCBuildConfiguration section */
		63A94F351ADF11CE001BF33A /* Debug */ = {
			isa = XCBuildConfiguration;
			buildSettings = {
				ALWAYS_SEARCH_USER_PATHS = NO;
				CLANG_CXX_LANGUAGE_STANDARD = "gnu++0x";
				CLANG_CXX_LIBRARY = "libc++";
				CLANG_ENABLE_MODULES = YES;
				CLANG_ENABLE_OBJC_ARC = YES;
				CLANG_WARN_BOOL_CONVERSION = YES;
				CLANG_WARN_CONSTANT_CONVERSION = YES;
				CLANG_WARN_DIRECT_OBJC_ISA_USAGE = YES_ERROR;
				CLANG_WARN_EMPTY_BODY = YES;
				CLANG_WARN_ENUM_CONVERSION = YES;
				CLANG_WARN_INT_CONVERSION = YES;
				CLANG_WARN_OBJC_ROOT_CLASS = YES_ERROR;
				CLANG_WARN_UNREACHABLE_CODE = YES;
				CLANG_WARN__DUPLICATE_METHOD_MATCH = YES;
				"CODE_SIGN_IDENTITY[sdk=iphoneos*]" = "iPhone Developer";
				COPY_PHASE_STRIP = NO;
				DEBUG_INFORMATION_FORMAT = "dwarf-with-dsym";
				ENABLE_STRICT_OBJC_MSGSEND = YES;
				GCC_C_LANGUAGE_STANDARD = gnu99;
				GCC_DYNAMIC_NO_PIC = NO;
				GCC_NO_COMMON_BLOCKS = YES;
				GCC_OPTIMIZATION_LEVEL = 0;
				GCC_PREPROCESSOR_DEFINITIONS = (
					"DEBUG=1",
					"$(inherited)",
				);
				GCC_SYMBOLS_PRIVATE_EXTERN = NO;
				GCC_WARN_64_TO_32_BIT_CONVERSION = YES;
				GCC_WARN_ABOUT_RETURN_TYPE = YES_ERROR;
				GCC_WARN_UNDECLARED_SELECTOR = YES;
				GCC_WARN_UNINITIALIZED_AUTOS = YES_AGGRESSIVE;
				GCC_WARN_UNUSED_FUNCTION = YES;
				GCC_WARN_UNUSED_VARIABLE = YES;
				IPHONEOS_DEPLOYMENT_TARGET = 8.3;
				MTL_ENABLE_DEBUG_INFO = YES;
				ONLY_ACTIVE_ARCH = YES;
				SDKROOT = iphoneos;
				SWIFT_OPTIMIZATION_LEVEL = "-Onone";
				TARGETED_DEVICE_FAMILY = "1,2";
			};
			name = Debug;
		};
		63A94F361ADF11CE001BF33A /* Release */ = {
			isa = XCBuildConfiguration;
			buildSettings = {
				ALWAYS_SEARCH_USER_PATHS = NO;
				CLANG_CXX_LANGUAGE_STANDARD = "gnu++0x";
				CLANG_CXX_LIBRARY = "libc++";
				CLANG_ENABLE_MODULES = YES;
				CLANG_ENABLE_OBJC_ARC = YES;
				CLANG_WARN_BOOL_CONVERSION = YES;
				CLANG_WARN_CONSTANT_CONVERSION = YES;
				CLANG_WARN_DIRECT_OBJC_ISA_USAGE = YES_ERROR;
				CLANG_WARN_EMPTY_BODY = YES;
				CLANG_WARN_ENUM_CONVERSION = YES;
				CLANG_WARN_INT_CONVERSION = YES;
				CLANG_WARN_OBJC_ROOT_CLASS = YES_ERROR;
				CLANG_WARN_UNREACHABLE_CODE = YES;
				CLANG_WARN__DUPLICATE_METHOD_MATCH = YES;
				"CODE_SIGN_IDENTITY[sdk=iphoneos*]" = "iPhone Developer";
				COPY_PHASE_STRIP = NO;
				DEBUG_INFORMATION_FORMAT = "dwarf-with-dsym";
				ENABLE_NS_ASSERTIONS = NO;
				ENABLE_STRICT_OBJC_MSGSEND = YES;
				GCC_C_LANGUAGE_STANDARD = gnu99;
				GCC_NO_COMMON_BLOCKS = YES;
				GCC_WARN_64_TO_32_BIT_CONVERSION = YES;
				GCC_WARN_ABOUT_RETURN_TYPE = YES_ERROR;
				GCC_WARN_UNDECLARED_SELECTOR = YES;
				GCC_WARN_UNINITIALIZED_AUTOS = YES_AGGRESSIVE;
				GCC_WARN_UNUSED_FUNCTION = YES;
				GCC_WARN_UNUSED_VARIABLE = YES;
				IPHONEOS_DEPLOYMENT_TARGET = 8.3;
				MTL_ENABLE_DEBUG_INFO = NO;
				SDKROOT = iphoneos;
				TARGETED_DEVICE_FAMILY = "1,2";
				VALIDATE_PRODUCT = YES;
			};
			name = Release;
		};
		63A94F381ADF11CE001BF33A /* Debug */ = {
			isa = XCBuildConfiguration;
			buildSettings = {
				ASSETCATALOG_COMPILER_APPICON_NAME = AppIcon;
				INFOPLIST_FILE = TaskItWatch/Info.plist;
				LD_RUNPATH_SEARCH_PATHS = "$(inherited) @executable_path/Frameworks";
				PRODUCT_NAME = "$(TARGET_NAME)";
			};
			name = Debug;
		};
		63A94F391ADF11CE001BF33A /* Release */ = {
			isa = XCBuildConfiguration;
			buildSettings = {
				ASSETCATALOG_COMPILER_APPICON_NAME = AppIcon;
				INFOPLIST_FILE = TaskItWatch/Info.plist;
				LD_RUNPATH_SEARCH_PATHS = "$(inherited) @executable_path/Frameworks";
				PRODUCT_NAME = "$(TARGET_NAME)";
			};
			name = Release;
		};
		63A94F3B1ADF11CE001BF33A /* Debug */ = {
			isa = XCBuildConfiguration;
			buildSettings = {
				BUNDLE_LOADER = "$(TEST_HOST)";
				FRAMEWORK_SEARCH_PATHS = (
					"$(SDKROOT)/Developer/Library/Frameworks",
					"$(inherited)",
				);
				GCC_PREPROCESSOR_DEFINITIONS = (
					"DEBUG=1",
					"$(inherited)",
				);
				INFOPLIST_FILE = TaskItWatchTests/Info.plist;
				LD_RUNPATH_SEARCH_PATHS = "$(inherited) @executable_path/Frameworks @loader_path/Frameworks";
				PRODUCT_NAME = "$(TARGET_NAME)";
				TEST_HOST = "$(BUILT_PRODUCTS_DIR)/TaskItWatch.app/TaskItWatch";
			};
			name = Debug;
		};
		63A94F3C1ADF11CE001BF33A /* Release */ = {
			isa = XCBuildConfiguration;
			buildSettings = {
				BUNDLE_LOADER = "$(TEST_HOST)";
				FRAMEWORK_SEARCH_PATHS = (
					"$(SDKROOT)/Developer/Library/Frameworks",
					"$(inherited)",
				);
				INFOPLIST_FILE = TaskItWatchTests/Info.plist;
				LD_RUNPATH_SEARCH_PATHS = "$(inherited) @executable_path/Frameworks @loader_path/Frameworks";
				PRODUCT_NAME = "$(TARGET_NAME)";
				TEST_HOST = "$(BUILT_PRODUCTS_DIR)/TaskItWatch.app/TaskItWatch";
			};
			name = Release;
		};
/* End XCBuildConfiguration section */

/* Begin XCConfigurationList section */
		63A94F101ADF11CE001BF33A /* Build configuration list for PBXProject "TaskItWatch" */ = {
			isa = XCConfigurationList;
			buildConfigurations = (
				63A94F351ADF11CE001BF33A /* Debug */,
				63A94F361ADF11CE001BF33A /* Release */,
			);
			defaultConfigurationIsVisible = 0;
			defaultConfigurationName = Release;
		};
		63A94F371ADF11CE001BF33A /* Build configuration list for PBXNativeTarget "TaskItWatch" */ = {
			isa = XCConfigurationList;
			buildConfigurations = (
				63A94F381ADF11CE001BF33A /* Debug */,
				63A94F391ADF11CE001BF33A /* Release */,
			);
			defaultConfigurationIsVisible = 0;
		};
		63A94F3A1ADF11CE001BF33A /* Build configuration list for PBXNativeTarget "TaskItWatchTests" */ = {
			isa = XCConfigurationList;
			buildConfigurations = (
				63A94F3B1ADF11CE001BF33A /* Debug */,
				63A94F3C1ADF11CE001BF33A /* Release */,
			);
			defaultConfigurationIsVisible = 0;
		};
/* End XCConfigurationList section */

/* Begin XCVersionGroup section */
		63A94F1C1ADF11CE001BF33A /* TaskItWatch.xcdatamodeld */ = {
			isa = XCVersionGroup;
			children = (
				63A94F1D1ADF11CE001BF33A /* TaskItWatch.xcdatamodel */,
			);
			currentVersion = 63A94F1D1ADF11CE001BF33A /* TaskItWatch.xcdatamodel */;
			path = TaskItWatch.xcdatamodeld;
			sourceTree = "<group>";
			versionGroupType = wrapper.xcdatamodel;
		};
/* End XCVersionGroup section */
	};
	rootObject = 63A94F0D1ADF11CE001BF33A /* Project object */;
}
